
Microsoft Visual Studio Solution File, Format Version 12.00
# Visual Studio Version 17
VisualStudioVersion = 17.0.31903.59
MinimumVisualStudioVersion = 10.0.40219.1
Project("{2150E333-8FDC-42A3-9474-1A3956D46DE8}") = "src", "src", "{827E0CD3-B72D-47B6-A68D-7590B98EB39B}"
EndProject
Project("{FAE04EC0-301F-11D3-BF4B-00C04F79EFBC}") = "Okf.Core", "src\Okf.Core\Okf.Core.csproj", "{31060A5C-A3FB-4214-84C4-E4C1F73D189E}"
EndProject
Project("{2150E333-8FDC-42A3-9474-1A3956D46DE8}") = "tests", "tests", "{0AB3BF05-4346-4AA6-1389-037BE0695223}"
EndProject
Project("{FAE04EC0-301F-11D3-BF4B-00C04F79EFBC}") = "Okf.Core.Tests", "tests\Okf.Core.Tests\Okf.Core.Tests.csproj", "{148877A4-7838-4CD5-92C3-0BC45B0320F8}"
EndProject
Project("{FAE04EC0-301F-11D3-BF4B-00C04F79EFBC}") = "Okf.Cli", "src\Okf.Cli\Okf.Cli.csproj", "{B920ABCF-8B69-4E0C-B33D-037ADC35AADF}"
EndProject
Project("{FAE04EC0-301F-11D3-BF4B-00C04F79EFBC}") = "Okf.Cli.Tests", "tests\Okf.Cli.Tests\Okf.Cli.Tests.csproj", "{5F9DD24B-E7D2-428E-BDF5-1B3C8DE05E96}"
EndProject
Global
	GlobalSection(SolutionConfigurationPlatforms) = preSolution
		Debug|Any CPU = Debug|Any CPU
		Debug|x64 = Debug|x64
		Debug|x86 = Debug|x86
		Release|Any CPU = Release|Any CPU
		Release|x64 = Release|x64
		Release|x86 = Release|x86
	EndGlobalSection
	GlobalSection(ProjectConfigurationPlatforms) = postSolution
		{31060A5C-A3FB-4214-84C4-E4C1F73D189E}.Debug|Any CPU.ActiveCfg = Debug|Any CPU
		{31060A5C-A3FB-4214-84C4-E4C1F73D189E}.Debug|Any CPU.Build.0 = Debug|Any CPU
		{31060A5C-A3FB-4214-84C4-E4C1F73D189E}.Debug|x64.ActiveCfg = Debug|Any CPU
		{31060A5C-A3FB-4214-84C4-E4C1F73D189E}.Debug|x64.Build.0 = Debug|Any CPU
		{31060A5C-A3FB-4214-84C4-E4C1F73D189E}.Debug|x86.ActiveCfg = Debug|Any CPU
		{31060A5C-A3FB-4214-84C4-E4C1F73D189E}.Debug|x86.Build.0 = Debug|Any CPU
		{31060A5C-A3FB-4214-84C4-E4C1F73D189E}.Release|Any CPU.ActiveCfg = Release|Any CPU
		{31060A5C-A3FB-4214-84C4-E4C1F73D189E}.Release|Any CPU.Build.0 = Release|Any CPU
		{31060A5C-A3FB-4214-84C4-E4C1F73D189E}.Release|x64.ActiveCfg = Release|Any CPU
		{31060A5C-A3FB-4214-84C4-E4C1F73D189E}.Release|x64.Build.0 = Release|Any CPU
		{31060A5C-A3FB-4214-84C4-E4C1F73D189E}.Release|x86.ActiveCfg = Release|Any CPU
		{31060A5C-A3FB-4214-84C4-E4C1F73D189E}.Release|x86.Build.0 = Release|Any CPU
		{148877A4-7838-4CD5-92C3-0BC45B0320F8}.Debug|Any CPU.ActiveCfg = Debug|Any CPU
		{148877A4-7838-4CD5-92C3-0BC45B0320F8}.Debug|Any CPU.Build.0 = Debug|Any CPU
		{148877A4-7838-4CD5-92C3-0BC45B0320F8}.Debug|x64.ActiveCfg = Debug|Any CPU
		{148877A4-7838-4CD5-92C3-0BC45B0320F8}.Debug|x64.Build.0 = Debug|Any CPU
		{148877A4-7838-4CD5-92C3-0BC45B0320F8}.Debug|x86.ActiveCfg = Debug|Any CPU
		{148877A4-7838-4CD5-92C3-0BC45B0320F8}.Debug|x86.Build.0 = Debug|Any CPU
		{148877A4-7838-4CD5-92C3-0BC45B0320F8}.Release|Any CPU.ActiveCfg = Release|Any CPU
		{148877A4-7838-4CD5-92C3-0BC45B0320F8}.Release|Any CPU.Build.0 = Release|Any CPU
		{148877A4-7838-4CD5-92C3-0BC45B0320F8}.Release|x64.ActiveCfg = Release|Any CPU
		{148877A4-7838-4CD5-92C3-0BC45B0320F8}.Release|x64.Build.0 = Release|Any CPU
		{148877A4-7838-4CD5-92C3-0BC45B0320F8}.Release|x86.ActiveCfg = Release|Any CPU
		{148877A4-7838-4CD5-92C3-0BC45B0320F8}.Release|x86.Build.0 = Release|Any CPU
		{B920ABCF-8B69-4E0C-B33D-037ADC35AADF}.Debug|Any CPU.ActiveCfg = Debug|Any CPU
		{B920ABCF-8B69-4E0C-B33D-037ADC35AADF}.Debug|Any CPU.Build.0 = Debug|Any CPU
		{B920ABCF-8B69-4E0C-B33D-037ADC35AADF}.Debug|x64.ActiveCfg = Debug|Any CPU
		{B920ABCF-8B69-4E0C-B33D-037ADC35AADF}.Debug|x64.Build.0 = Debug|Any CPU
		{B920ABCF-8B69-4E0C-B33D-037ADC35AADF}.Debug|x86.ActiveCfg = Debug|Any CPU
		{B920ABCF-8B69-4E0C-B33D-037ADC35AADF}.Debug|x86.Build.0 = Debug|Any CPU
		{B920ABCF-8B69-4E0C-B33D-037ADC35AADF}.Release|Any CPU.ActiveCfg = Release|Any CPU
		{B920ABCF-8B69-4E0C-B33D-037ADC35AADF}.Release|Any CPU.Build.0 = Release|Any CPU
		{B920ABCF-8B69-4E0C-B33D-037ADC35AADF}.Release|x64.ActiveCfg = Release|Any CPU
		{B920ABCF-8B69-4E0C-B33D-037ADC35AADF}.Release|x64.Build.0 = Release|Any CPU
		{B920ABCF-8B69-4E0C-B33D-037ADC35AADF}.Release|x86.ActiveCfg = Release|Any CPU
		{B920ABCF-8B69-4E0C-B33D-037ADC35AADF}.Release|x86.Build.0 = Release|Any CPU
		{5F9DD24B-E7D2-428E-BDF5-1B3C8DE05E96}.Debug|Any CPU.ActiveCfg = Debug|Any CPU
		{5F9DD24B-E7D2-428E-BDF5-1B3C8DE05E96}.Debug|Any CPU.Build.0 = Debug|Any CPU
		{5F9DD24B-E7D2-428E-BDF5-1B3C8DE05E96}.Debug|x64.ActiveCfg = Debug|Any CPU
		{5F9DD24B-E7D2-428E-BDF5-1B3C8DE05E96}.Debug|x64.Build.0 = Debug|Any CPU
		{5F9DD24B-E7D2-428E-BDF5-1B3C8DE05E96}.Debug|x86.ActiveCfg = Debug|Any CPU
		{5F9DD24B-E7D2-428E-BDF5-1B3C8DE05E96}.Debug|x86.Build.0 = Debug|Any CPU
		{5F9DD24B-E7D2-428E-BDF5-1B3C8DE05E96}.Release|Any CPU.ActiveCfg = Release|Any CPU
		{5F9DD24B-E7D2-428E-BDF5-1B3C8DE05E96}.Release|Any CPU.Build.0 = Release|Any CPU
		{5F9DD24B-E7D2-428E-BDF5-1B3C8DE05E96}.Release|x64.ActiveCfg = Release|Any CPU
		{5F9DD24B-E7D2-428E-BDF5-1B3C8DE05E96}.Release|x64.Build.0 = Release|Any CPU
		{5F9DD24B-E7D2-428E-BDF5-1B3C8DE05E96}.Release|x86.ActiveCfg = Release|Any CPU
		{5F9DD24B-E7D2-428E-BDF5-1B3C8DE05E96}.Release|x86.Build.0 = Release|Any CPU
	EndGlobalSection
	GlobalSection(SolutionProperties) = preSolution
		HideSolutionNode = FALSE
	EndGlobalSection
	GlobalSection(NestedProjects) = preSolution
		{31060A5C-A3FB-4214-84C4-E4C1F73D189E} = {827E0CD3-B72D-47B6-A68D-7590B98EB39B}
		{148877A4-7838-4CD5-92C3-0BC45B0320F8} = {0AB3BF05-4346-4AA6-1389-037BE0695223}
		{B920ABCF-8B69-4E0C-B33D-037ADC35AADF} = {827E0CD3-B72D-47B6-A68D-7590B98EB39B}
		{5F9DD24B-E7D2-428E-BDF5-1B3C8DE05E96} = {0AB3BF05-4346-4AA6-1389-037BE0695223}
	EndGlobalSection
EndGlobal
